
Microsoft Visual Studio Solution File, Format Version 12.00
# Visual Studio Version 17
VisualStudioVersion = 17.9.34723.18
MinimumVisualStudioVersion = 10.0.40219.1
Project("{FAE04EC0-301F-11D3-BF4B-00C04F79EFBC}") = "TaskManagement.Api", "TaskManagement.Api\TaskManagement.Api.csproj", "{FFF03440-E7D2-41C4-BE55-C15AC2086F8C}"
EndProject
Project("{FAE04EC0-301F-11D3-BF4B-00C04F79EFBC}") = "TaskManagement.Application", "TaskManagement.Application\TaskManagement.Application.csproj", "{C9F3F472-D1A9-42BE-93D4-036DE202E289}"
EndProject
Project("{FAE04EC0-301F-11D3-BF4B-00C04F79EFBC}") = "TaskManagement.Infrastructure", "TaskManagement.Infrastructure\TaskManagement.Infrastructure.csproj", "{2919DD50-2B7A-4441-ADAE-427539C6D9CF}"
EndProject
Project("{FAE04EC0-301F-11D3-BF4B-00C04F79EFBC}") = "TaskManagement.Domain", "TaskManagement.Domain\TaskManagement.Domain.csproj", "{AA1DB54C-0021-47B1-B2FA-D36D4F2A9258}"
EndProject
Global
	GlobalSection(SolutionConfigurationPlatforms) = preSolution
		Debug|Any CPU = Debug|Any CPU
		Release|Any CPU = Release|Any CPU
	EndGlobalSection
	GlobalSection(ProjectConfigurationPlatforms) = postSolution
		{FFF03440-E7D2-41C4-BE55-C15AC2086F8C}.Debug|Any CPU.ActiveCfg = Debug|Any CPU
		{FFF03440-E7D2-41C4-BE55-C15AC2086F8C}.Debug|Any CPU.Build.0 = Debug|Any CPU
		{FFF03440-E7D2-41C4-BE55-C15AC2086F8C}.Release|Any CPU.ActiveCfg = Release|Any CPU
		{FFF03440-E7D2-41C4-BE55-C15AC2086F8C}.Release|Any CPU.Build.0 = Release|Any CPU
		{C9F3F472-D1A9-42BE-93D4-036DE202E289}.Debug|Any CPU.ActiveCfg = Debug|Any CPU
		{C9F3F472-D1A9-42BE-93D4-036DE202E289}.Debug|Any CPU.Build.0 = Debug|Any CPU
		{C9F3F472-D1A9-42BE-93D4-036DE202E289}.Release|Any CPU.ActiveCfg = Release|Any CPU
		{C9F3F472-D1A9-42BE-93D4-036DE202E289}.Release|Any CPU.Build.0 = Release|Any CPU
		{2919DD50-2B7A-4441-ADAE-427539C6D9CF}.Debug|Any CPU.ActiveCfg = Debug|Any CPU
		{2919DD50-2B7A-4441-ADAE-427539C6D9CF}.Debug|Any CPU.Build.0 = Debug|Any CPU
		{2919DD50-2B7A-4441-ADAE-427539C6D9CF}.Release|Any CPU.ActiveCfg = Release|Any CPU
		{2919DD50-2B7A-4441-ADAE-427539C6D9CF}.Release|Any CPU.Build.0 = Release|Any CPU
		{AA1DB54C-0021-47B1-B2FA-D36D4F2A9258}.Debug|Any CPU.ActiveCfg = Debug|Any CPU
		{AA1DB54C-0021-47B1-B2FA-D36D4F2A9258}.Debug|Any CPU.Build.0 = Debug|Any CPU
		{AA1DB54C-0021-47B1-B2FA-D36D4F2A9258}.Release|Any CPU.ActiveCfg = Release|Any CPU
		{AA1DB54C-0021-47B1-B2FA-D36D4F2A9258}.Release|Any CPU.Build.0 = Release|Any CPU
	EndGlobalSection
	GlobalSection(SolutionProperties) = preSolution
		HideSolutionNode = FALSE
	EndGlobalSection
	GlobalSection(ExtensibilityGlobals) = postSolution
		SolutionGuid = {A719AB5A-5516-49E4-8D4F-EFA8D9731D8C}
	EndGlobalSection
EndGlobal
